// !$*UTF8*$!
{
	archiveVersion = 1;
	classes = {
	};
	objectVersion = 56;
	objects = {

/* Begin PBXBuildFile section */
		A7AD81932C06F319007CAF84 /* AppDelegate.swift in Sources */ = {isa = PBXBuildFile; fileRef = A7AD81922C06F319007CAF84 /* AppDelegate.swift */; };
		A7AD81952C06F319007CAF84 /* SceneDelegate.swift in Sources */ = {isa = PBXBuildFile; fileRef = A7AD81942C06F319007CAF84 /* SceneDelegate.swift */; };
		A7AD81972C06F319007CAF84 /* ViewController.swift in Sources */ = {isa = PBXBuildFile; fileRef = A7AD81962C06F319007CAF84 /* ViewController.swift */; };
		A7AD819A2C06F319007CAF84 /* Base in Resources */ = {isa = PBXBuildFile; fileRef = A7AD81992C06F319007CAF84 /* Base */; };
		A7AD819C2C06F31B007CAF84 /* Assets.xcassets in Resources */ = {isa = PBXBuildFile; fileRef = A7AD819B2C06F31B007CAF84 /* Assets.xcassets */; };
		A7AD819F2C06F31B007CAF84 /* Base in Resources */ = {isa = PBXBuildFile; fileRef = A7AD819E2C06F31B007CAF84 /* Base */; };
		A7AD81AA2C06F31B007CAF84 /* Assignment_7Tests.swift in Sources */ = {isa = PBXBuildFile; fileRef = A7AD81A92C06F31B007CAF84 /* Assignment_7Tests.swift */; };
		A7AD81B42C06F31B007CAF84 /* Assignment_7UITests.swift in Sources */ = {isa = PBXBuildFile; fileRef = A7AD81B32C06F31B007CAF84 /* Assignment_7UITests.swift */; };
		A7AD81B62C06F31B007CAF84 /* Assignment_7UITestsLaunchTests.swift in Sources */ = {isa = PBXBuildFile; fileRef = A7AD81B52C06F31B007CAF84 /* Assignment_7UITestsLaunchTests.swift */; };
/* End PBXBuildFile section */

/* Begin PBXContainerItemProxy section */
		A7AD81A62C06F31B007CAF84 /* PBXContainerItemProxy */ = {
			isa = PBXContainerItemProxy;
			containerPortal = A7AD81872C06F319007CAF84 /* Project object */;
			proxyType = 1;
			remoteGlobalIDString = A7AD818E2C06F319007CAF84;
			remoteInfo = Assignment_7;
		};
		A7AD81B02C06F31B007CAF84 /* PBXContainerItemProxy */ = {
			isa = PBXContainerItemProxy;
			containerPortal = A7AD81872C06F319007CAF84 /* Project object */;
			proxyType = 1;
			remoteGlobalIDString = A7AD818E2C06F319007CAF84;
			remoteInfo = Assignment_7;
		};
/* End PBXContainerItemProxy section */

/* Begin PBXFileReference section */
		A7AD818F2C06F319007CAF84 /* Assignment_7.app */ = {isa = PBXFileReference; explicitFileType = wrapper.application; includeInIndex = 0; path = Assignment_7.app; sourceTree = BUILT_PRODUCTS_DIR; };
		A7AD81922C06F319007CAF84 /* AppDelegate.swift */ = {isa = PBXFileReference; lastKnownFileType = sourcecode.swift; path = AppDelegate.swift; sourceTree = "<group>"; };
		A7AD81942C06F319007CAF84 /* SceneDelegate.swift */ = {isa = PBXFileReference; lastKnownFileType = sourcecode.swift; path = SceneDelegate.swift; sourceTree = "<group>"; };
		A7AD81962C06F319007CAF84 /* ViewController.swift */ = {isa = PBXFileReference; lastKnownFileType = sourcecode.swift; path = ViewController.swift; sourceTree = "<group>"; };
		A7AD81992C06F319007CAF84 /* Base */ = {isa = PBXFileReference; lastKnownFileType = file.storyboard; name = Base; path = Base.lproj/Main.storyboard; sourceTree = "<group>"; };
		A7AD819B2C06F31B007CAF84 /* Assets.xcassets */ = {isa = PBXFileReference; lastKnownFileType = folder.assetcatalog; path = Assets.xcassets; sourceTree = "<group>"; };
		A7AD819E2C06F31B007CAF84 /* Base */ = {isa = PBXFileReference; lastKnownFileType = file.storyboard; name = Base; path = Base.lproj/LaunchScreen.storyboard; sourceTree = "<group>"; };
		A7AD81A02C06F31B007CAF84 /* Info.plist */ = {isa = PBXFileReference; lastKnownFileType = text.plist.xml; path = Info.plist; sourceTree = "<group>"; };
		A7AD81A52C06F31B007CAF84 /* Assignment_7Tests.xctest */ = {isa = PBXFileReference; explicitFileType = wrapper.cfbundle; includeInIndex = 0; path = Assignment_7Tests.xctest; sourceTree = BUILT_PRODUCTS_DIR; };
		A7AD81A92C06F31B007CAF84 /* Assignment_7Tests.swift */ = {isa = PBXFileReference; lastKnownFileType = sourcecode.swift; path = Assignment_7Tests.swift; sourceTree = "<group>"; };
		A7AD81AF2C06F31B007CAF84 /* Assignment_7UITests.xctest */ = {isa = PBXFileReference; explicitFileType = wrapper.cfbundle; includeInIndex = 0; path = Assignment_7UITests.xctest; sourceTree = BUILT_PRODUCTS_DIR; };
		A7AD81B32C06F31B007CAF84 /* Assignment_7UITests.swift */ = {isa = PBXFileReference; lastKnownFileType = sourcecode.swift; path = Assignment_7UITests.swift; sourceTree = "<group>"; };
		A7AD81B52C06F31B007CAF84 /* Assignment_7UITestsLaunchTests.swift */ = {isa = PBXFileReference; lastKnownFileType = sourcecode.swift; path = Assignment_7UITestsLaunchTests.swift; sourceTree = "<group>"; };
/* End PBXFileReference section */

/* Begin PBXFrameworksBuildPhase section */
		A7AD818C2C06F319007CAF84 /* Frameworks */ = {
			isa = PBXFrameworksBuildPhase;
			buildActionMask = 2147483647;
			files = (
			);
			runOnlyForDeploymentPostprocessing = 0;
		};
		A7AD81A22C06F31B007CAF84 /* Frameworks */ = {
			isa = PBXFrameworksBuildPhase;
			buildActionMask = 2147483647;
			files = (
			);
			runOnlyForDeploymentPostprocessing = 0;
		};
		A7AD81AC2C06F31B007CAF84 /* Frameworks */ = {
			isa = PBXFrameworksBuildPhase;
			buildActionMask = 2147483647;
			files = (
			);
			runOnlyForDeploymentPostprocessing = 0;
		};
/* End PBXFrameworksBuildPhase section */

/* Begin PBXGroup section */
		A7AD81862C06F319007CAF84 = {
			isa = PBXGroup;
			children = (
				A7AD81912C06F319007CAF84 /* Assignment_7 */,
				A7AD81A82C06F31B007CAF84 /* Assignment_7Tests */,
				A7AD81B22C06F31B007CAF84 /* Assignment_7UITests */,
				A7AD81902C06F319007CAF84 /* Products */,
			);
			sourceTree = "<group>";
		};
		A7AD81902C06F319007CAF84 /* Products */ = {
			isa = PBXGroup;
			children = (
				A7AD818F2C06F319007CAF84 /* Assignment_7.app */,
				A7AD81A52C06F31B007CAF84 /* Assignment_7Tests.xctest */,
				A7AD81AF2C06F31B007CAF84 /* Assignment_7UITests.xctest */,
			);
			name = Products;
			sourceTree = "<group>";
		};
		A7AD81912C06F319007CAF84 /* Assignment_7 */ = {
			isa = PBXGroup;
			children = (
				A7AD81922C06F319007CAF84 /* AppDelegate.swift */,
				A7AD81942C06F319007CAF84 /* SceneDelegate.swift */,
				A7AD81962C06F319007CAF84 /* ViewController.swift */,
				A7AD81982C06F319007CAF84 /* Main.storyboard */,
				A7AD819B2C06F31B007CAF84 /* Assets.xcassets */,
				A7AD819D2C06F31B007CAF84 /* LaunchScreen.storyboard */,
				A7AD81A02C06F31B007CAF84 /* Info.plist */,
			);
			path = Assignment_7;
			sourceTree = "<group>";
		};
		A7AD81A82C06F31B007CAF84 /* Assignment_7Tests */ = {
			isa = PBXGroup;
			children = (
				A7AD81A92C06F31B007CAF84 /* Assignment_7Tests.swift */,
			);
			path = Assignment_7Tests;
			sourceTree = "<group>";
		};
		A7AD81B22C06F31B007CAF84 /* Assignment_7UITests */ = {
			isa = PBXGroup;
			children = (
				A7AD81B32C06F31B007CAF84 /* Assignment_7UITests.swift */,
				A7AD81B52C06F31B007CAF84 /* Assignment_7UITestsLaunchTests.swift */,
			);
			path = Assignment_7UITests;
			sourceTree = "<group>";
		};
/* End PBXGroup section */

/* Begin PBXNativeTarget section */
		A7AD818E2C06F319007CAF84 /* Assignment_7 */ = {
			isa = PBXNativeTarget;
			buildConfigurationList = A7AD81B92C06F31B007CAF84 /* Build configuration list for PBXNativeTarget "Assignment_7" */;
			buildPhases = (
				A7AD818B2C06F319007CAF84 /* Sources */,
				A7AD818C2C06F319007CAF84 /* Frameworks */,
				A7AD818D2C06F319007CAF84 /* Resources */,
			);
			buildRules = (
			);
			dependencies = (
			);
			name = Assignment_7;
			productName = Assignment_7;
			productReference = A7AD818F2C06F319007CAF84 /* Assignment_7.app */;
			productType = "com.apple.product-type.application";
		};
		A7AD81A42C06F31B007CAF84 /* Assignment_7Tests */ = {
			isa = PBXNativeTarget;
			buildConfigurationList = A7AD81BC2C06F31B007CAF84 /* Build configuration list for PBXNativeTarget "Assignment_7Tests" */;
			buildPhases = (
				A7AD81A12C06F31B007CAF84 /* Sources */,
				A7AD81A22C06F31B007CAF84 /* Frameworks */,
				A7AD81A32C06F31B007CAF84 /* Resources */,
			);
			buildRules = (
			);
			dependencies = (
				A7AD81A72C06F31B007CAF84 /* PBXTargetDependency */,
			);
			name = Assignment_7Tests;
			productName = Assignment_7Tests;
			productReference = A7AD81A52C06F31B007CAF84 /* Assignment_7Tests.xctest */;
			productType = "com.apple.product-type.bundle.unit-test";
		};
		A7AD81AE2C06F31B007CAF84 /* Assignment_7UITests */ = {
			isa = PBXNativeTarget;
			buildConfigurationList = A7AD81BF2C06F31B007CAF84 /* Build configuration list for PBXNativeTarget "Assignment_7UITests" */;
			buildPhases = (
				A7AD81AB2C06F31B007CAF84 /* Sources */,
				A7AD81AC2C06F31B007CAF84 /* Frameworks */,
				A7AD81AD2C06F31B007CAF84 /* Resources */,
			);
			buildRules = (
			);
			dependencies = (
				A7AD81B12C06F31B007CAF84 /* PBXTargetDependency */,
			);
			name = Assignment_7UITests;
			productName = Assignment_7UITests;
			productReference = A7AD81AF2C06F31B007CAF84 /* Assignment_7UITests.xctest */;
			productType = "com.apple.product-type.bundle.ui-testing";
		};
/* End PBXNativeTarget section */

/* Begin PBXProject section */
		A7AD81872C06F319007CAF84 /* Project object */ = {
			isa = PBXProject;
			attributes = {
				BuildIndependentTargetsInParallel = 1;
				LastSwiftUpdateCheck = 1540;
				LastUpgradeCheck = 1540;
				TargetAttributes = {
					A7AD818E2C06F319007CAF84 = {
						CreatedOnToolsVersion = 15.4;
					};
					A7AD81A42C06F31B007CAF84 = {
						CreatedOnToolsVersion = 15.4;
						TestTargetID = A7AD818E2C06F319007CAF84;
					};
					A7AD81AE2C06F31B007CAF84 = {
						CreatedOnToolsVersion = 15.4;
						TestTargetID = A7AD818E2C06F319007CAF84;
					};
				};
			};
			buildConfigurationList = A7AD818A2C06F319007CAF84 /* Build configuration list for PBXProject "Assignment_7" */;
			compatibilityVersion = "Xcode 14.0";
			developmentRegion = en;
			hasScannedForEncodings = 0;
			knownRegions = (
				en,
				Base,
			);
			mainGroup = A7AD81862C06F319007CAF84;
			productRefGroup = A7AD81902C06F319007CAF84 /* Products */;
			projectDirPath = "";
			projectRoot = "";
			targets = (
				A7AD818E2C06F319007CAF84 /* Assignment_7 */,
				A7AD81A42C06F31B007CAF84 /* Assignment_7Tests */,
				A7AD81AE2C06F31B007CAF84 /* Assignment_7UITests */,
			);
		};
/* End PBXProject section */

/* Begin PBXResourcesBuildPhase section */
		A7AD818D2C06F319007CAF84 /* Resources */ = {
			isa = PBXResourcesBuildPhase;
			buildActionMask = 2147483647;
			files = (
				A7AD819C2C06F31B007CAF84 /* Assets.xcassets in Resources */,
				A7AD819F2C06F31B007CAF84 /* Base in Resources */,
				A7AD819A2C06F319007CAF84 /* Base in Resources */,
			);
			runOnlyForDeploymentPostprocessing = 0;
		};
		A7AD81A32C06F31B007CAF84 /* Resources */ = {
			isa = PBXResourcesBuildPhase;
			buildActionMask = 2147483647;
			files = (
			);
			runOnlyForDeploymentPostprocessing = 0;
		};
		A7AD81AD2C06F31B007CAF84 /* Resources */ = {
			isa = PBXResourcesBuildPhase;
			buildActionMask = 2147483647;
			files = (
			);
			runOnlyForDeploymentPostprocessing = 0;
		};
/* End PBXResourcesBuildPhase section */

/* Begin PBXSourcesBuildPhase section */
		A7AD818B2C06F319007CAF84 /* Sources */ = {
			isa = PBXSourcesBuildPhase;
			buildActionMask = 2147483647;
			files = (
				A7AD81972C06F319007CAF84 /* ViewController.swift in Sources */,
				A7AD81932C06F319007CAF84 /* AppDelegate.swift in Sources */,
				A7AD81952C06F319007CAF84 /* SceneDelegate.swift in Sources */,
			);
			runOnlyForDeploymentPostprocessing = 0;
		};
		A7AD81A12C06F31B007CAF84 /* Sources */ = {
			isa = PBXSourcesBuildPhase;
			buildActionMask = 2147483647;
			files = (
				A7AD81AA2C06F31B007CAF84 /* Assignment_7Tests.swift in Sources */,
			);
			runOnlyForDeploymentPostprocessing = 0;
		};
		A7AD81AB2C06F31B007CAF84 /* Sources */ = {
			isa = PBXSourcesBuildPhase;
			buildActionMask = 2147483647;
			files = (
				A7AD81B42C06F31B007CAF84 /* Assignment_7UITests.swift in Sources */,
				A7AD81B62C06F31B007CAF84 /* Assignment_7UITestsLaunchTests.swift in Sources */,
			);
			runOnlyForDeploymentPostprocessing = 0;
		};
/* End PBXSourcesBuildPhase section */

/* Begin PBXTargetDependency section */
		A7AD81A72C06F31B007CAF84 /* PBXTargetDependency */ = {
			isa = PBXTargetDependency;
			target = A7AD818E2C06F319007CAF84 /* Assignment_7 */;
			targetProxy = A7AD81A62C06F31B007CAF84 /* PBXContainerItemProxy */;
		};
		A7AD81B12C06F31B007CAF84 /* PBXTargetDependency */ = {
			isa = PBXTargetDependency;
			target = A7AD818E2C06F319007CAF84 /* Assignment_7 */;
			targetProxy = A7AD81B02C06F31B007CAF84 /* PBXContainerItemProxy */;
		};
/* End PBXTargetDependency section */

/* Begin PBXVariantGroup section */
		A7AD81982C06F319007CAF84 /* Main.storyboard */ = {
			isa = PBXVariantGroup;
			children = (
				A7AD81992C06F319007CAF84 /* Base */,
			);
			name = Main.storyboard;
			sourceTree = "<group>";
		};
		A7AD819D2C06F31B007CAF84 /* LaunchScreen.storyboard */ = {
			isa = PBXVariantGroup;
			children = (
				A7AD819E2C06F31B007CAF84 /* Base */,
			);
			name = LaunchScreen.storyboard;
			sourceTree = "<group>";
		};
/* End PBXVariantGroup section */

/* Begin XCBuildConfiguration section */
		A7AD81B72C06F31B007CAF84 /* Debug */ = {
			isa = XCBuildConfiguration;
			buildSettings = {
				ALWAYS_SEARCH_USER_PATHS = NO;
				ASSETCATALOG_COMPILER_GENERATE_SWIFT_ASSET_SYMBOL_EXTENSIONS = YES;
				CLANG_ANALYZER_NONNULL = YES;
				CLANG_ANALYZER_NUMBER_OBJECT_CONVERSION = YES_AGGRESSIVE;
				CLANG_CXX_LANGUAGE_STANDARD = "gnu++20";
				CLANG_ENABLE_MODULES = YES;
				CLANG_ENABLE_OBJC_ARC = YES;
				CLANG_ENABLE_OBJC_WEAK = YES;
				CLANG_WARN_BLOCK_CAPTURE_AUTORELEASING = YES;
				CLANG_WARN_BOOL_CONVERSION = YES;
				CLANG_WARN_COMMA = YES;
				CLANG_WARN_CONSTANT_CONVERSION = YES;
				CLANG_WARN_DEPRECATED_OBJC_IMPLEMENTATIONS = YES;
				CLANG_WARN_DIRECT_OBJC_ISA_USAGE = YES_ERROR;
				CLANG_WARN_DOCUMENTATION_COMMENTS = YES;
				CLANG_WARN_EMPTY_BODY = YES;
				CLANG_WARN_ENUM_CONVERSION = YES;
				CLANG_WARN_INFINITE_RECURSION = YES;
				CLANG_WARN_INT_CONVERSION = YES;
				CLANG_WARN_NON_LITERAL_NULL_CONVERSION = YES;
				CLANG_WARN_OBJC_IMPLICIT_RETAIN_SELF = YES;
				CLANG_WARN_OBJC_LITERAL_CONVERSION = YES;
				CLANG_WARN_OBJC_ROOT_CLASS = YES_ERROR;
				CLANG_WARN_QUOTED_INCLUDE_IN_FRAMEWORK_HEADER = YES;
				CLANG_WARN_RANGE_LOOP_ANALYSIS = YES;
				CLANG_WARN_STRICT_PROTOTYPES = YES;
				CLANG_WARN_SUSPICIOUS_MOVE = YES;
				CLANG_WARN_UNGUARDED_AVAILABILITY = YES_AGGRESSIVE;
				CLANG_WARN_UNREACHABLE_CODE = YES;
				CLANG_WARN__DUPLICATE_METHOD_MATCH = YES;
				COPY_PHASE_STRIP = NO;
				DEBUG_INFORMATION_FORMAT = dwarf;
				ENABLE_STRICT_OBJC_MSGSEND = YES;
				ENABLE_TESTABILITY = YES;
				ENABLE_USER_SCRIPT_SANDBOXING = YES;
				GCC_C_LANGUAGE_STANDARD = gnu17;
				GCC_DYNAMIC_NO_PIC = NO;
				GCC_NO_COMMON_BLOCKS = YES;
				GCC_OPTIMIZATION_LEVEL = 0;
				GCC_PREPROCESSOR_DEFINITIONS = (
					"DEBUG=1",
					"$(inherited)",
				);
				GCC_WARN_64_TO_32_BIT_CONVERSION = YES;
				GCC_WARN_ABOUT_RETURN_TYPE = YES_ERROR;
				GCC_WARN_UNDECLARED_SELECTOR = YES;
				GCC_WARN_UNINITIALIZED_AUTOS = YES_AGGRESSIVE;
				GCC_WARN_UNUSED_FUNCTION = YES;
				GCC_WARN_UNUSED_VARIABLE = YES;
				IPHONEOS_DEPLOYMENT_TARGET = 17.5;
				LOCALIZATION_PREFERS_STRING_CATALOGS = YES;
				MTL_ENABLE_DEBUG_INFO = INCLUDE_SOURCE;
				MTL_FAST_MATH = YES;
				ONLY_ACTIVE_ARCH = YES;
				SDKROOT = iphoneos;
				SWIFT_ACTIVE_COMPILATION_CONDITIONS = "DEBUG $(inherited)";
				SWIFT_OPTIMIZATION_LEVEL = "-Onone";
			};
			name = Debug;
		};
		A7AD81B82C06F31B007CAF84 /* Release */ = {
			isa = XCBuildConfiguration;
			buildSettings = {
				ALWAYS_SEARCH_USER_PATHS = NO;
				ASSETCATALOG_COMPILER_GENERATE_SWIFT_ASSET_SYMBOL_EXTENSIONS = YES;
				CLANG_ANALYZER_NONNULL = YES;
				CLANG_ANALYZER_NUMBER_OBJECT_CONVERSION = YES_AGGRESSIVE;
				CLANG_CXX_LANGUAGE_STANDARD = "gnu++20";
				CLANG_ENABLE_MODULES = YES;
				CLANG_ENABLE_OBJC_ARC = YES;
				CLANG_ENABLE_OBJC_WEAK = YES;
				CLANG_WARN_BLOCK_CAPTURE_AUTORELEASING = YES;
				CLANG_WARN_BOOL_CONVERSION = YES;
				CLANG_WARN_COMMA = YES;
				CLANG_WARN_CONSTANT_CONVERSION = YES;
				CLANG_WARN_DEPRECATED_OBJC_IMPLEMENTATIONS = YES;
				CLANG_WARN_DIRECT_OBJC_ISA_USAGE = YES_ERROR;
				CLANG_WARN_DOCUMENTATION_COMMENTS = YES;
				CLANG_WARN_EMPTY_BODY = YES;
				CLANG_WARN_ENUM_CONVERSION = YES;
				CLANG_WARN_INFINITE_RECURSION = YES;
				CLANG_WARN_INT_CONVERSION = YES;
				CLANG_WARN_NON_LITERAL_NULL_CONVERSION = YES;
				CLANG_WARN_OBJC_IMPLICIT_RETAIN_SELF = YES;
				CLANG_WARN_OBJC_LITERAL_CONVERSION = YES;
				CLANG_WARN_OBJC_ROOT_CLASS = YES_ERROR;
				CLANG_WARN_QUOTED_INCLUDE_IN_FRAMEWORK_HEADER = YES;
				CLANG_WARN_RANGE_LOOP_ANALYSIS = YES;
				CLANG_WARN_STRICT_PROTOTYPES = YES;
				CLANG_WARN_SUSPICIOUS_MOVE = YES;
				CLANG_WARN_UNGUARDED_AVAILABILITY = YES_AGGRESSIVE;
				CLANG_WARN_UNREACHABLE_CODE = YES;
				CLANG_WARN__DUPLICATE_METHOD_MATCH = YES;
				COPY_PHASE_STRIP = NO;
				DEBUG_INFORMATION_FORMAT = "dwarf-with-dsym";
				ENABLE_NS_ASSERTIONS = NO;
				ENABLE_STRICT_OBJC_MSGSEND = YES;
				ENABLE_USER_SCRIPT_SANDBOXING = YES;
				GCC_C_LANGUAGE_STANDARD = gnu17;
				GCC_NO_COMMON_BLOCKS = YES;
				GCC_WARN_64_TO_32_BIT_CONVERSION = YES;
				GCC_WARN_ABOUT_RETURN_TYPE = YES_ERROR;
				GCC_WARN_UNDECLARED_SELECTOR = YES;
				GCC_WARN_UNINITIALIZED_AUTOS = YES_AGGRESSIVE;
				GCC_WARN_UNUSED_FUNCTION = YES;
				GCC_WARN_UNUSED_VARIABLE = YES;
				IPHONEOS_DEPLOYMENT_TARGET = 17.5;
				LOCALIZATION_PREFERS_STRING_CATALOGS = YES;
				MTL_ENABLE_DEBUG_INFO = NO;
				MTL_FAST_MATH = YES;
				SDKROOT = iphoneos;
				SWIFT_COMPILATION_MODE = wholemodule;
				VALIDATE_PRODUCT = YES;
			};
			name = Release;
		};
		A7AD81BA2C06F31B007CAF84 /* Debug */ = {
			isa = XCBuildConfiguration;
			buildSettings = {
				ASSETCATALOG_COMPILER_APPICON_NAME = AppIcon;
				ASSETCATALOG_COMPILER_GLOBAL_ACCENT_COLOR_NAME = AccentColor;
				CODE_SIGN_STYLE = Automatic;
				CURRENT_PROJECT_VERSION = 1;
				DEVELOPMENT_TEAM = AGCK5XB62D;
				GENERATE_INFOPLIST_FILE = YES;
				INFOPLIST_FILE = Assignment_7/Info.plist;
				INFOPLIST_KEY_UIApplicationSupportsIndirectInputEvents = YES;
				INFOPLIST_KEY_UILaunchStoryboardName = LaunchScreen;
				INFOPLIST_KEY_UIMainStoryboardFile = Main;
				INFOPLIST_KEY_UISupportedInterfaceOrientations_iPad = "UIInterfaceOrientationPortrait UIInterfaceOrientationPortraitUpsideDown UIInterfaceOrientationLandscapeLeft UIInterfaceOrientationLandscapeRight";
				INFOPLIST_KEY_UISupportedInterfaceOrientations_iPhone = "UIInterfaceOrientationPortrait UIInterfaceOrientationLandscapeLeft UIInterfaceOrientationLandscapeRight";
				LD_RUNPATH_SEARCH_PATHS = (
					"$(inherited)",
					"@executable_path/Frameworks",
				);
				MARKETING_VERSION = 1.0;
				PRODUCT_BUNDLE_IDENTIFIER = "arya.Assignment-7";
				PRODUCT_NAME = "$(TARGET_NAME)";
				SWIFT_EMIT_LOC_STRINGS = YES;
				SWIFT_VERSION = 5.0;
				TARGETED_DEVICE_FAMILY = "1,2";
			};
			name = Debug;
		};
		A7AD81BB2C06F31B007CAF84 /* Release */ = {
			isa = XCBuildConfiguration;
			buildSettings = {
				ASSETCATALOG_COMPILER_APPICON_NAME = AppIcon;
				ASSETCATALOG_COMPILER_GLOBAL_ACCENT_COLOR_NAME = AccentColor;
				CODE_SIGN_STYLE = Automatic;
				CURRENT_PROJECT_VERSION = 1;
				DEVELOPMENT_TEAM = AGCK5XB62D;
				GENERATE_INFOPLIST_FILE = YES;
				INFOPLIST_FILE = Assignment_7/Info.plist;
				INFOPLIST_KEY_UIApplicationSupportsIndirectInputEvents = YES;
				INFOPLIST_KEY_UILaunchStoryboardName = LaunchScreen;
				INFOPLIST_KEY_UIMainStoryboardFile = Main;
				INFOPLIST_KEY_UISupportedInterfaceOrientations_iPad = "UIInterfaceOrientationPortrait UIInterfaceOrientationPortraitUpsideDown UIInterfaceOrientationLandscapeLeft UIInterfaceOrientationLandscapeRight";
				INFOPLIST_KEY_UISupportedInterfaceOrientations_iPhone = "UIInterfaceOrientationPortrait UIInterfaceOrientationLandscapeLeft UIInterfaceOrientationLandscapeRight";
				LD_RUNPATH_SEARCH_PATHS = (
					"$(inherited)",
					"@executable_path/Frameworks",
				);
				MARKETING_VERSION = 1.0;
				PRODUCT_BUNDLE_IDENTIFIER = "arya.Assignment-7";
				PRODUCT_NAME = "$(TARGET_NAME)";
				SWIFT_EMIT_LOC_STRINGS = YES;
				SWIFT_VERSION = 5.0;
				TARGETED_DEVICE_FAMILY = "1,2";
			};
			name = Release;
		};
		A7AD81BD2C06F31B007CAF84 /* Debug */ = {
			isa = XCBuildConfiguration;
			buildSettings = {
				ALWAYS_EMBED_SWIFT_STANDARD_LIBRARIES = YES;
				BUNDLE_LOADER = "$(TEST_HOST)";
				CODE_SIGN_STYLE = Automatic;
				CURRENT_PROJECT_VERSION = 1;
				DEVELOPMENT_TEAM = AGCK5XB62D;
				GENERATE_INFOPLIST_FILE = YES;
				IPHONEOS_DEPLOYMENT_TARGET = 17.5;
				MARKETING_VERSION = 1.0;
				PRODUCT_BUNDLE_IDENTIFIER = "arya.Assignment-7Tests";
				PRODUCT_NAME = "$(TARGET_NAME)";
				SWIFT_EMIT_LOC_STRINGS = NO;
				SWIFT_VERSION = 5.0;
				TARGETED_DEVICE_FAMILY = "1,2";
				TEST_HOST = "$(BUILT_PRODUCTS_DIR)/Assignment_7.app/$(BUNDLE_EXECUTABLE_FOLDER_PATH)/Assignment_7";
			};
			name = Debug;
		};
		A7AD81BE2C06F31B007CAF84 /* Release */ = {
			isa = XCBuildConfiguration;
			buildSettings = {
				ALWAYS_EMBED_SWIFT_STANDARD_LIBRARIES = YES;
				BUNDLE_LOADER = "$(TEST_HOST)";
				CODE_SIGN_STYLE = Automatic;
				CURRENT_PROJECT_VERSION = 1;
				DEVELOPMENT_TEAM = AGCK5XB62D;
				GENERATE_INFOPLIST_FILE = YES;
				IPHONEOS_DEPLOYMENT_TARGET = 17.5;
				MARKETING_VERSION = 1.0;
				PRODUCT_BUNDLE_IDENTIFIER = "arya.Assignment-7Tests";
				PRODUCT_NAME = "$(TARGET_NAME)";
				SWIFT_EMIT_LOC_STRINGS = NO;
				SWIFT_VERSION = 5.0;
				TARGETED_DEVICE_FAMILY = "1,2";
				TEST_HOST = "$(BUILT_PRODUCTS_DIR)/Assignment_7.app/$(BUNDLE_EXECUTABLE_FOLDER_PATH)/Assignment_7";
			};
			name = Release;
		};
		A7AD81C02C06F31B007CAF84 /* Debug */ = {
			isa = XCBuildConfiguration;
			buildSettings = {
				ALWAYS_EMBED_SWIFT_STANDARD_LIBRARIES = YES;
				CODE_SIGN_STYLE = Automatic;
				CURRENT_PROJECT_VERSION = 1;
				DEVELOPMENT_TEAM = AGCK5XB62D;
				GENERATE_INFOPLIST_FILE = YES;
				MARKETING_VERSION = 1.0;
				PRODUCT_BUNDLE_IDENTIFIER = "arya.Assignment-7UITests";
				PRODUCT_NAME = "$(TARGET_NAME)";
				SWIFT_EMIT_LOC_STRINGS = NO;
				SWIFT_VERSION = 5.0;
				TARGETED_DEVICE_FAMILY = "1,2";
				TEST_TARGET_NAME = Assignment_7;
			};
			name = Debug;
		};
		A7AD81C12C06F31B007CAF84 /* Release */ = {
			isa = XCBuildConfiguration;
			buildSettings = {
				ALWAYS_EMBED_SWIFT_STANDARD_LIBRARIES = YES;
				CODE_SIGN_STYLE = Automatic;
				CURRENT_PROJECT_VERSION = 1;
				DEVELOPMENT_TEAM = AGCK5XB62D;
				GENERATE_INFOPLIST_FILE = YES;
				MARKETING_VERSION = 1.0;
				PRODUCT_BUNDLE_IDENTIFIER = "arya.Assignment-7UITests";
				PRODUCT_NAME = "$(TARGET_NAME)";
				SWIFT_EMIT_LOC_STRINGS = NO;
				SWIFT_VERSION = 5.0;
				TARGETED_DEVICE_FAMILY = "1,2";
				TEST_TARGET_NAME = Assignment_7;
			};
			name = Release;
		};
/* End XCBuildConfiguration section */

/* Begin XCConfigurationList section */
		A7AD818A2C06F319007CAF84 /* Build configuration list for PBXProject "Assignment_7" */ = {
			isa = XCConfigurationList;
			buildConfigurations = (
				A7AD81B72C06F31B007CAF84 /* Debug */,
				A7AD81B82C06F31B007CAF84 /* Release */,
			);
			defaultConfigurationIsVisible = 0;
			defaultConfigurationName = Release;
		};
		A7AD81B92C06F31B007CAF84 /* Build configuration list for PBXNativeTarget "Assignment_7" */ = {
			isa = XCConfigurationList;
			buildConfigurations = (
				A7AD81BA2C06F31B007CAF84 /* Debug */,
				A7AD81BB2C06F31B007CAF84 /* Release */,
			);
			defaultConfigurationIsVisible = 0;
			defaultConfigurationName = Release;
		};
		A7AD81BC2C06F31B007CAF84 /* Build configuration list for PBXNativeTarget "Assignment_7Tests" */ = {
			isa = XCConfigurationList;
			buildConfigurations = (
				A7AD81BD2C06F31B007CAF84 /* Debug */,
				A7AD81BE2C06F31B007CAF84 /* Release */,
			);
			defaultConfigurationIsVisible = 0;
			defaultConfigurationName = Release;
		};
		A7AD81BF2C06F31B007CAF84 /* Build configuration list for PBXNativeTarget "Assignment_7UITests" */ = {
			isa = XCConfigurationList;
			buildConfigurations = (
				A7AD81C02C06F31B007CAF84 /* Debug */,
				A7AD81C12C06F31B007CAF84 /* Release */,
			);
			defaultConfigurationIsVisible = 0;
			defaultConfigurationName = Release;
		};
/* End XCConfigurationList section */
	};
	rootObject = A7AD81872C06F319007CAF84 /* Project object */;
}
